
Microsoft Visual Studio Solution File, Format Version 12.00
# Visual Studio Version 17
VisualStudioVersion = 17.0.31919.166
MinimumVisualStudioVersion = 10.0.40219.1
Project("{FAE04EC0-301F-11D3-BF4B-00C04F79EFBC}") = "HeroesProfile-GCP-ReplayParser", "HeroesProfile-GCP-ReplayParser\HeroesProfile-GCP-ReplayParser.csproj", "{AF055534-9D88-4B50-99C1-62FEB6EA6949}"
EndProject
Global
	GlobalSection(SolutionConfigurationPlatforms) = preSolution
		Debug|Any CPU = Debug|Any CPU
		Release|Any CPU = Release|Any CPU
	EndGlobalSection
	GlobalSection(ProjectConfigurationPlatforms) = postSolution
		{AF055534-9D88-4B50-99C1-62FEB6EA6949}.Debug|Any CPU.ActiveCfg = Debug|Any CPU
		{AF055534-9D88-4B50-99C1-62FEB6EA6949}.Debug|Any CPU.Build.0 = Debug|Any CPU
		{AF055534-9D88-4B50-99C1-62FEB6EA6949}.Release|Any CPU.ActiveCfg = Release|Any CPU
		{AF055534-9D88-4B50-99C1-62FEB6EA6949}.Release|Any CPU.Build.0 = Release|Any CPU
	EndGlobalSection
	GlobalSection(SolutionProperties) = preSolution
		HideSolutionNode = FALSE
	EndGlobalSection
	GlobalSection(ExtensibilityGlobals) = postSolution
		SolutionGuid = {FEEB9249-31DB-4904-9C88-F7EB84D819F2}
	EndGlobalSection
EndGlobal
